lockfileVersion: '9.0'

settings:
  autoInstallPeers: true
  excludeLinksFromLockfile: false

importers:

  .:
    dependencies:
      js-yaml:
        specifier: ^4.1.0
        version: 4.1.1
      marked:
        specifier: ^17.0.1
        version: 17.0.1
    devDependencies:
      '@types/js-yaml':
        specifier: ^4.0.9
        version: 4.0.9
      '@types/marked':
        specifier: ^5.0.2
        version: 5.0.2
      '@types/node':
        specifier: ^25.0.3
        version: 25.0.8
      husky:
        specifier: ^9.1.7
        version: 9.1.7
      typescript:
        specifier: ^5.9.3
        version: 5.9.3

packages:

  '@types/js-yaml@4.0.9':
    resolution: {integrity: sha512-k4MGaQl5TGo/iipqb2UDG2UwjXziSWkh0uysQelTlJpX1qGlpUZYm8PnO4DxG1qBomtJUdYJ6qR6xdIah10JLg==}

  '@types/marked@5.0.2':
    resolution: {integrity: sha512-OucS4KMHhFzhz27KxmWg7J+kIYqyqoW5kdIEI319hqARQQUTqhao3M/F+uFnDXD0Rg72iDDZxZNxq5gvctmLlg==}

  '@types/node@25.0.8':
    resolution: {integrity: sha512-powIePYMmC3ibL0UJ2i2s0WIbq6cg6UyVFQxSCpaPxxzAaziRfimGivjdF943sSGV6RADVbk0Nvlm5P/FB44Zg==}

  argparse@2.0.1:
    resolution: {integrity: sha512-8+9WqebbFzpX9OR+Wa6O29asIogeRMzcGtAINdpMHHyAg10f05aSFVBbcEqGf/PXw1EjAZ+q2/bEBg3DvurK3Q==}

  husky@9.1.7:
    resolution: {integrity: sha512-5gs5ytaNjBrh5Ow3zrvdUUY+0VxIuWVL4i9irt6friV+BqdCfmV11CQTWMiBYWHbXhco+J1kHfTOUkePhCDvMA==}
    engines: {node: '>=18'}
    hasBin: true

  js-yaml@4.1.1:
    resolution: {integrity: sha512-qQKT4zQxXl8lLwBtHMWwaTcGfFOZviOJet3Oy/xmGk2gZH677CJM9EvtfdSkgWcATZhj/55JZ0rmy3myCT5lsA==}
    hasBin: true

  marked@17.0.1:
    resolution: {integrity: sha512-boeBdiS0ghpWcSwoNm/jJBwdpFaMnZWRzjA6SkUMYb40SVaN1x7mmfGKp0jvexGcx+7y2La5zRZsYFZI6Qpypg==}
    engines: {node: '>= 20'}
    hasBin: true

  typescript@5.9.3:
    resolution: {integrity: sha512-jl1vZzPDinLr9eUt3J/t7V6FgNEw9QjvBPdysz9KfQDD41fQrC2Y4vKQdiaUpFT4bXlb1RHhLpp8wtm6M5TgSw==}
    engines: {node: '>=14.17'}
    hasBin: true

  undici-types@7.16.0:
    resolution: {integrity: sha512-Zz+aZWSj8LE6zoxD+xrjh4VfkIG8Ya6LvYkZqtUQGJPZjYl53ypCaUwWqo7eI0x66KBGeRo+mlBEkMSeSZ38Nw==}

snapshots:

  '@types/js-yaml@4.0.9': {}

  '@types/marked@5.0.2': {}

  '@types/node@25.0.8':
    dependencies:
      undici-types: 7.16.0

  argparse@2.0.1: {}

  husky@9.1.7: {}

  js-yaml@4.1.1:
    dependencies:
      argparse: 2.0.1

  marked@17.0.1: {}

  typescript@5.9.3: {}

  undici-types@7.16.0: {}
